// !$*UTF8*$!
{
	archiveVersion = 1;
	classes = {
	};
	objectVersion = 56;
	objects = {

/* Begin PBXBuildFile section */
		D2060A872C20BF1C00B9E3A7 /* ArtistsViewModel.swift in Sources */ = {isa = PBXBuildFile; fileRef = D2060A862C20BF1C00B9E3A7 /* ArtistsViewModel.swift */; };
		D2060A8F2C20CADB00B9E3A7 /* iTuneArtistsTests.swift in Sources */ = {isa = PBXBuildFile; fileRef = D2060A8E2C20CADB00B9E3A7 /* iTuneArtistsTests.swift */; };
		D24EE7482C2A19680081F4B8 /* MockApiManager.swift in Sources */ = {isa = PBXBuildFile; fileRef = D24EE7472C2A19680081F4B8 /* MockApiManager.swift */; };
		D27E87392C262E210096998F /* MockArtistsViewModel.swift in Sources */ = {isa = PBXBuildFile; fileRef = D27E87382C262E210096998F /* MockArtistsViewModel.swift */; };
		D2A1B2EF2C1A27760027090F /* AppDelegate.swift in Sources */ = {isa = PBXBuildFile; fileRef = D2A1B2EE2C1A27760027090F /* AppDelegate.swift */; };
		D2A1B2F12C1A27760027090F /* SceneDelegate.swift in Sources */ = {isa = PBXBuildFile; fileRef = D2A1B2F02C1A27760027090F /* SceneDelegate.swift */; };
		D2A1B2F32C1A27760027090F /* ArtistsViewController.swift in Sources */ = {isa = PBXBuildFile; fileRef = D2A1B2F22C1A27760027090F /* ArtistsViewController.swift */; };
		D2A1B2F62C1A27760027090F /* Base in Resources */ = {isa = PBXBuildFile; fileRef = D2A1B2F52C1A27760027090F /* Base */; };
		D2A1B2F82C1A27780027090F /* Assets.xcassets in Resources */ = {isa = PBXBuildFile; fileRef = D2A1B2F72C1A27780027090F /* Assets.xcassets */; };
		D2A1B2FB2C1A27780027090F /* Base in Resources */ = {isa = PBXBuildFile; fileRef = D2A1B2FA2C1A27780027090F /* Base */; };
		D2A1B3062C1A28160027090F /* ItunesData.swift in Sources */ = {isa = PBXBuildFile; fileRef = D2A1B3052C1A28160027090F /* ItunesData.swift */; };
		D2A1B3092C1A29070027090F /* ApiManager.swift in Sources */ = {isa = PBXBuildFile; fileRef = D2A1B3082C1A29070027090F /* ApiManager.swift */; };
		D2A1B30C2C1A29EE0027090F /* Constants.swift in Sources */ = {isa = PBXBuildFile; fileRef = D2A1B30B2C1A29EE0027090F /* Constants.swift */; };
		D2A1B30E2C1A34F60027090F /* ArtistsTableViewCell.swift in Sources */ = {isa = PBXBuildFile; fileRef = D2A1B30D2C1A34F60027090F /* ArtistsTableViewCell.swift */; };
		D2A1B3102C1B5E700027090F /* Extensions.swift in Sources */ = {isa = PBXBuildFile; fileRef = D2A1B30F2C1B5E700027090F /* Extensions.swift */; };
		D2A1B3382C20930A0027090F /* Protocols.swift in Sources */ = {isa = PBXBuildFile; fileRef = D2A1B3372C20930A0027090F /* Protocols.swift */; };
/* End PBXBuildFile section */

/* Begin PBXContainerItemProxy section */
		D2060A902C20CADB00B9E3A7 /* PBXContainerItemProxy */ = {
			isa = PBXContainerItemProxy;
			containerPortal = D2A1B2E32C1A27760027090F /* Project object */;
			proxyType = 1;
			remoteGlobalIDString = D2A1B2EA2C1A27760027090F;
			remoteInfo = iTuneArtists;
		};
/* End PBXContainerItemProxy section */

/* Begin PBXFileReference section */
		D2060A862C20BF1C00B9E3A7 /* ArtistsViewModel.swift */ = {isa = PBXFileReference; lastKnownFileType = sourcecode.swift; path = ArtistsViewModel.swift; sourceTree = "<group>"; };
		D2060A8C2C20CADB00B9E3A7 /* iTuneArtistsTests.xctest */ = {isa = PBXFileReference; explicitFileType = wrapper.cfbundle; includeInIndex = 0; path = iTuneArtistsTests.xctest; sourceTree = BUILT_PRODUCTS_DIR; };
		D2060A8E2C20CADB00B9E3A7 /* iTuneArtistsTests.swift */ = {isa = PBXFileReference; lastKnownFileType = sourcecode.swift; path = iTuneArtistsTests.swift; sourceTree = "<group>"; };
		D24EE7472C2A19680081F4B8 /* MockApiManager.swift */ = {isa = PBXFileReference; lastKnownFileType = sourcecode.swift; path = MockApiManager.swift; sourceTree = "<group>"; };
		D27E87382C262E210096998F /* MockArtistsViewModel.swift */ = {isa = PBXFileReference; lastKnownFileType = sourcecode.swift; path = MockArtistsViewModel.swift; sourceTree = "<group>"; };
		D2A1B2EB2C1A27760027090F /* iTuneArtists.app */ = {isa = PBXFileReference; explicitFileType = wrapper.application; includeInIndex = 0; path = iTuneArtists.app; sourceTree = BUILT_PRODUCTS_DIR; };
		D2A1B2EE2C1A27760027090F /* AppDelegate.swift */ = {isa = PBXFileReference; lastKnownFileType = sourcecode.swift; path = AppDelegate.swift; sourceTree = "<group>"; };
		D2A1B2F02C1A27760027090F /* SceneDelegate.swift */ = {isa = PBXFileReference; lastKnownFileType = sourcecode.swift; path = SceneDelegate.swift; sourceTree = "<group>"; };
		D2A1B2F22C1A27760027090F /* ArtistsViewController.swift */ = {isa = PBXFileReference; lastKnownFileType = sourcecode.swift; path = ArtistsViewController.swift; sourceTree = "<group>"; };
		D2A1B2F52C1A27760027090F /* Base */ = {isa = PBXFileReference; lastKnownFileType = file.storyboard; name = Base; path = Base.lproj/Main.storyboard; sourceTree = "<group>"; };
		D2A1B2F72C1A27780027090F /* Assets.xcassets */ = {isa = PBXFileReference; lastKnownFileType = folder.assetcatalog; path = Assets.xcassets; sourceTree = "<group>"; };
		D2A1B2FA2C1A27780027090F /* Base */ = {isa = PBXFileReference; lastKnownFileType = file.storyboard; name = Base; path = Base.lproj/LaunchScreen.storyboard; sourceTree = "<group>"; };
		D2A1B2FC2C1A27780027090F /* Info.plist */ = {isa = PBXFileReference; lastKnownFileType = text.plist.xml; path = Info.plist; sourceTree = "<group>"; };
		D2A1B3052C1A28160027090F /* ItunesData.swift */ = {isa = PBXFileReference; lastKnownFileType = sourcecode.swift; path = ItunesData.swift; sourceTree = "<group>"; };
		D2A1B3082C1A29070027090F /* ApiManager.swift */ = {isa = PBXFileReference; lastKnownFileType = sourcecode.swift; path = ApiManager.swift; sourceTree = "<group>"; };
		D2A1B30B2C1A29EE0027090F /* Constants.swift */ = {isa = PBXFileReference; lastKnownFileType = sourcecode.swift; path = Constants.swift; sourceTree = "<group>"; };
		D2A1B30D2C1A34F60027090F /* ArtistsTableViewCell.swift */ = {isa = PBXFileReference; lastKnownFileType = sourcecode.swift; path = ArtistsTableViewCell.swift; sourceTree = "<group>"; };
		D2A1B30F2C1B5E700027090F /* Extensions.swift */ = {isa = PBXFileReference; lastKnownFileType = sourcecode.swift; path = Extensions.swift; sourceTree = "<group>"; };
		D2A1B3372C20930A0027090F /* Protocols.swift */ = {isa = PBXFileReference; lastKnownFileType = sourcecode.swift; path = Protocols.swift; sourceTree = "<group>"; };
/* End PBXFileReference section */

/* Begin PBXFrameworksBuildPhase section */
		D2060A892C20CADB00B9E3A7 /* Frameworks */ = {
			isa = PBXFrameworksBuildPhase;
			buildActionMask = 2147483647;
			files = (
			);
			runOnlyForDeploymentPostprocessing = 0;
		};
		D2A1B2E82C1A27760027090F /* Frameworks */ = {
			isa = PBXFrameworksBuildPhase;
			buildActionMask = 2147483647;
			files = (
			);
			runOnlyForDeploymentPostprocessing = 0;
		};
/* End PBXFrameworksBuildPhase section */

/* Begin PBXGroup section */
		D2060A852C20BEDA00B9E3A7 /* ViewModel */ = {
			isa = PBXGroup;
			children = (
				D2060A862C20BF1C00B9E3A7 /* ArtistsViewModel.swift */,
				D27E87382C262E210096998F /* MockArtistsViewModel.swift */,
			);
			path = ViewModel;
			sourceTree = "<group>";
		};
		D2060A8D2C20CADB00B9E3A7 /* iTuneArtistsTests */ = {
			isa = PBXGroup;
			children = (
				D2060A8E2C20CADB00B9E3A7 /* iTuneArtistsTests.swift */,
			);
			path = iTuneArtistsTests;
			sourceTree = "<group>";
		};
		D2A1B2E22C1A27760027090F = {
			isa = PBXGroup;
			children = (
				D2A1B2ED2C1A27760027090F /* iTuneArtists */,
				D2060A8D2C20CADB00B9E3A7 /* iTuneArtistsTests */,
				D2A1B2EC2C1A27760027090F /* Products */,
				DC74D6557998C2B37718BB87 /* Pods */,
			);
			sourceTree = "<group>";
		};
		D2A1B2EC2C1A27760027090F /* Products */ = {
			isa = PBXGroup;
			children = (
				D2A1B2EB2C1A27760027090F /* iTuneArtists.app */,
				D2060A8C2C20CADB00B9E3A7 /* iTuneArtistsTests.xctest */,
			);
			name = Products;
			sourceTree = "<group>";
		};
		D2A1B2ED2C1A27760027090F /* iTuneArtists */ = {
			isa = PBXGroup;
			children = (
				D2A1B3022C1A27AE0027090F /* Models */,
				D2A1B3032C1A27B50027090F /* Views */,
				D2060A852C20BEDA00B9E3A7 /* ViewModel */,
				D2A1B3072C1A28DC0027090F /* Network */,
				D2A1B30A2C1A29B60027090F /* Common */,
				D2A1B2EE2C1A27760027090F /* AppDelegate.swift */,
				D2A1B2F02C1A27760027090F /* SceneDelegate.swift */,
				D2A1B2F42C1A27760027090F /* Main.storyboard */,
				D2A1B2F72C1A27780027090F /* Assets.xcassets */,
				D2A1B2F92C1A27780027090F /* LaunchScreen.storyboard */,
				D2A1B2FC2C1A27780027090F /* Info.plist */,
			);
			path = iTuneArtists;
			sourceTree = "<group>";
		};
		D2A1B3022C1A27AE0027090F /* Models */ = {
			isa = PBXGroup;
			children = (
				D2A1B3052C1A28160027090F /* ItunesData.swift */,
			);
			path = Models;
			sourceTree = "<group>";
		};
		D2A1B3032C1A27B50027090F /* Views */ = {
			isa = PBXGroup;
			children = (
				D2A1B30D2C1A34F60027090F /* ArtistsTableViewCell.swift */,
				D2A1B3042C1A27BD0027090F /* Controllers */,
			);
			path = Views;
			sourceTree = "<group>";
		};
		D2A1B3042C1A27BD0027090F /* Controllers */ = {
			isa = PBXGroup;
			children = (
				D2A1B2F22C1A27760027090F /* ArtistsViewController.swift */,
			);
			path = Controllers;
			sourceTree = "<group>";
		};
		D2A1B3072C1A28DC0027090F /* Network */ = {
			isa = PBXGroup;
			children = (
				D2A1B3082C1A29070027090F /* ApiManager.swift */,
				D24EE7472C2A19680081F4B8 /* MockApiManager.swift */,
			);
			path = Network;
			sourceTree = "<group>";
		};
		D2A1B30A2C1A29B60027090F /* Common */ = {
			isa = PBXGroup;
			children = (
				D2A1B30B2C1A29EE0027090F /* Constants.swift */,
				D2A1B30F2C1B5E700027090F /* Extensions.swift */,
				D2A1B3372C20930A0027090F /* Protocols.swift */,
			);
			path = Common;
			sourceTree = "<group>";
		};
		DC74D6557998C2B37718BB87 /* Pods */ = {
			isa = PBXGroup;
			children = (
			);
			path = Pods;
			sourceTree = "<group>";
		};
/* End PBXGroup section */

/* Begin PBXNativeTarget section */
		D2060A8B2C20CADB00B9E3A7 /* iTuneArtistsTests */ = {
			isa = PBXNativeTarget;
			buildConfigurationList = D2060A922C20CADB00B9E3A7 /* Build configuration list for PBXNativeTarget "iTuneArtistsTests" */;
			buildPhases = (
				D2060A882C20CADB00B9E3A7 /* Sources */,
				D2060A892C20CADB00B9E3A7 /* Frameworks */,
				D2060A8A2C20CADB00B9E3A7 /* Resources */,
			);
			buildRules = (
			);
			dependencies = (
				D2060A912C20CADB00B9E3A7 /* PBXTargetDependency */,
			);
			name = iTuneArtistsTests;
			productName = iTuneArtistsTests;
			productReference = D2060A8C2C20CADB00B9E3A7 /* iTuneArtistsTests.xctest */;
			productType = "com.apple.product-type.bundle.unit-test";
		};
		D2A1B2EA2C1A27760027090F /* iTuneArtists */ = {
			isa = PBXNativeTarget;
			buildConfigurationList = D2A1B2FF2C1A27780027090F /* Build configuration list for PBXNativeTarget "iTuneArtists" */;
			buildPhases = (
				D2A1B2E72C1A27760027090F /* Sources */,
				D2A1B2E82C1A27760027090F /* Frameworks */,
				D2A1B2E92C1A27760027090F /* Resources */,
			);
			buildRules = (
			);
			dependencies = (
			);
			name = iTuneArtists;
			productName = iTuneArtists;
			productReference = D2A1B2EB2C1A27760027090F /* iTuneArtists.app */;
			productType = "com.apple.product-type.application";
		};
/* End PBXNativeTarget section */

/* Begin PBXProject section */
		D2A1B2E32C1A27760027090F /* Project object */ = {
			isa = PBXProject;
			attributes = {
				BuildIndependentTargetsInParallel = 1;
				LastSwiftUpdateCheck = 1540;
				LastUpgradeCheck = 1540;
				TargetAttributes = {
					D2060A8B2C20CADB00B9E3A7 = {
						CreatedOnToolsVersion = 15.4;
						TestTargetID = D2A1B2EA2C1A27760027090F;
					};
					D2A1B2EA2C1A27760027090F = {
						CreatedOnToolsVersion = 15.4;
					};
				};
			};
			buildConfigurationList = D2A1B2E62C1A27760027090F /* Build configuration list for PBXProject "iTuneArtists" */;
			compatibilityVersion = "Xcode 14.0";
			developmentRegion = en;
			hasScannedForEncodings = 0;
			knownRegions = (
				en,
				Base,
			);
			mainGroup = D2A1B2E22C1A27760027090F;
			productRefGroup = D2A1B2EC2C1A27760027090F /* Products */;
			projectDirPath = "";
			projectRoot = "";
			targets = (
				D2A1B2EA2C1A27760027090F /* iTuneArtists */,
				D2060A8B2C20CADB00B9E3A7 /* iTuneArtistsTests */,
			);
		};
/* End PBXProject section */

/* Begin PBXResourcesBuildPhase section */
		D2060A8A2C20CADB00B9E3A7 /* Resources */ = {
			isa = PBXResourcesBuildPhase;
			buildActionMask = 2147483647;
			files = (
			);
			runOnlyForDeploymentPostprocessing = 0;
		};
		D2A1B2E92C1A27760027090F /* Resources */ = {
			isa = PBXResourcesBuildPhase;
			buildActionMask = 2147483647;
			files = (
				D2A1B2F82C1A27780027090F /* Assets.xcassets in Resources */,
				D2A1B2FB2C1A27780027090F /* Base in Resources */,
				D2A1B2F62C1A27760027090F /* Base in Resources */,
			);
			runOnlyForDeploymentPostprocessing = 0;
		};
/* End PBXResourcesBuildPhase section */

/* Begin PBXSourcesBuildPhase section */
		D2060A882C20CADB00B9E3A7 /* Sources */ = {
			isa = PBXSourcesBuildPhase;
			buildActionMask = 2147483647;
			files = (
				D2060A8F2C20CADB00B9E3A7 /* iTuneArtistsTests.swift in Sources */,
			);
			runOnlyForDeploymentPostprocessing = 0;
		};
		D2A1B2E72C1A27760027090F /* Sources */ = {
			isa = PBXSourcesBuildPhase;
			buildActionMask = 2147483647;
			files = (
				D2060A872C20BF1C00B9E3A7 /* ArtistsViewModel.swift in Sources */,
				D2A1B2F32C1A27760027090F /* ArtistsViewController.swift in Sources */,
				D24EE7482C2A19680081F4B8 /* MockApiManager.swift in Sources */,
				D27E87392C262E210096998F /* MockArtistsViewModel.swift in Sources */,
				D2A1B3062C1A28160027090F /* ItunesData.swift in Sources */,
				D2A1B2EF2C1A27760027090F /* AppDelegate.swift in Sources */,
				D2A1B3382C20930A0027090F /* Protocols.swift in Sources */,
				D2A1B3102C1B5E700027090F /* Extensions.swift in Sources */,
				D2A1B30E2C1A34F60027090F /* ArtistsTableViewCell.swift in Sources */,
				D2A1B3092C1A29070027090F /* ApiManager.swift in Sources */,
				D2A1B2F12C1A27760027090F /* SceneDelegate.swift in Sources */,
				D2A1B30C2C1A29EE0027090F /* Constants.swift in Sources */,
			);
			runOnlyForDeploymentPostprocessing = 0;
		};
/* End PBXSourcesBuildPhase section */

/* Begin PBXTargetDependency section */
		D2060A912C20CADB00B9E3A7 /* PBXTargetDependency */ = {
			isa = PBXTargetDependency;
			target = D2A1B2EA2C1A27760027090F /* iTuneArtists */;
			targetProxy = D2060A902C20CADB00B9E3A7 /* PBXContainerItemProxy */;
		};
/* End PBXTargetDependency section */

/* Begin PBXVariantGroup section */
		D2A1B2F42C1A27760027090F /* Main.storyboard */ = {
			isa = PBXVariantGroup;
			children = (
				D2A1B2F52C1A27760027090F /* Base */,
			);
			name = Main.storyboard;
			sourceTree = "<group>";
		};
		D2A1B2F92C1A27780027090F /* LaunchScreen.storyboard */ = {
			isa = PBXVariantGroup;
			children = (
				D2A1B2FA2C1A27780027090F /* Base */,
			);
			name = LaunchScreen.storyboard;
			sourceTree = "<group>";
		};
/* End PBXVariantGroup section */

/* Begin XCBuildConfiguration section */
		D2060A932C20CADB00B9E3A7 /* Debug */ = {
			isa = XCBuildConfiguration;
			buildSettings = {
				BUNDLE_LOADER = "$(TEST_HOST)";
				CODE_SIGN_STYLE = Automatic;
				CURRENT_PROJECT_VERSION = 1;
				ENABLE_USER_SCRIPT_SANDBOXING = YES;
				GENERATE_INFOPLIST_FILE = YES;
				MARKETING_VERSION = 1.0;
				PRODUCT_BUNDLE_IDENTIFIER = com.varshith.development.appname.iTuneArtistsTests;
				PRODUCT_NAME = "$(TARGET_NAME)";
				SWIFT_EMIT_LOC_STRINGS = NO;
				SWIFT_VERSION = 5.0;
				TARGETED_DEVICE_FAMILY = "1,2";
				TEST_HOST = "$(BUILT_PRODUCTS_DIR)/iTuneArtists.app/$(BUNDLE_EXECUTABLE_FOLDER_PATH)/iTuneArtists";
			};
			name = Debug;
		};
		D2060A942C20CADB00B9E3A7 /* Release */ = {
			isa = XCBuildConfiguration;
			buildSettings = {
				BUNDLE_LOADER = "$(TEST_HOST)";
				CODE_SIGN_STYLE = Automatic;
				CURRENT_PROJECT_VERSION = 1;
				ENABLE_USER_SCRIPT_SANDBOXING = YES;
				GENERATE_INFOPLIST_FILE = YES;
				MARKETING_VERSION = 1.0;
				PRODUCT_BUNDLE_IDENTIFIER = com.varshith.development.appname.iTuneArtistsTests;
				PRODUCT_NAME = "$(TARGET_NAME)";
				SWIFT_EMIT_LOC_STRINGS = NO;
				SWIFT_VERSION = 5.0;
				TARGETED_DEVICE_FAMILY = "1,2";
				TEST_HOST = "$(BUILT_PRODUCTS_DIR)/iTuneArtists.app/$(BUNDLE_EXECUTABLE_FOLDER_PATH)/iTuneArtists";
			};
			name = Release;
		};
		D2A1B2FD2C1A27780027090F /* Debug */ = {
			isa = XCBuildConfiguration;
			buildSettings = {
				ALWAYS_SEARCH_USER_PATHS = NO;
				ASSETCATALOG_COMPILER_GENERATE_SWIFT_ASSET_SYMBOL_EXTENSIONS = YES;
				CLANG_ANALYZER_NONNULL = YES;
				CLANG_ANALYZER_NUMBER_OBJECT_CONVERSION = YES_AGGRESSIVE;
				CLANG_CXX_LANGUAGE_STANDARD = "gnu++20";
				CLANG_ENABLE_MODULES = YES;
				CLANG_ENABLE_OBJC_ARC = YES;
				CLANG_ENABLE_OBJC_WEAK = YES;
				CLANG_WARN_BLOCK_CAPTURE_AUTORELEASING = YES;
				CLANG_WARN_BOOL_CONVERSION = YES;
				CLANG_WARN_COMMA = YES;
				CLANG_WARN_CONSTANT_CONVERSION = YES;
				CLANG_WARN_DEPRECATED_OBJC_IMPLEMENTATIONS = YES;
				CLANG_WARN_DIRECT_OBJC_ISA_USAGE = YES_ERROR;
				CLANG_WARN_DOCUMENTATION_COMMENTS = YES;
				CLANG_WARN_EMPTY_BODY = YES;
				CLANG_WARN_ENUM_CONVERSION = YES;
				CLANG_WARN_INFINITE_RECURSION = YES;
				CLANG_WARN_INT_CONVERSION = YES;
				CLANG_WARN_NON_LITERAL_NULL_CONVERSION = YES;
				CLANG_WARN_OBJC_IMPLICIT_RETAIN_SELF = YES;
				CLANG_WARN_OBJC_LITERAL_CONVERSION = YES;
				CLANG_WARN_OBJC_ROOT_CLASS = YES_ERROR;
				CLANG_WARN_QUOTED_INCLUDE_IN_FRAMEWORK_HEADER = YES;
				CLANG_WARN_RANGE_LOOP_ANALYSIS = YES;
				CLANG_WARN_STRICT_PROTOTYPES = YES;
				CLANG_WARN_SUSPICIOUS_MOVE = YES;
				CLANG_WARN_UNGUARDED_AVAILABILITY = YES_AGGRESSIVE;
				CLANG_WARN_UNREACHABLE_CODE = YES;
				CLANG_WARN__DUPLICATE_METHOD_MATCH = YES;
				COPY_PHASE_STRIP = NO;
				DEBUG_INFORMATION_FORMAT = dwarf;
				ENABLE_STRICT_OBJC_MSGSEND = YES;
				ENABLE_TESTABILITY = YES;
				ENABLE_USER_SCRIPT_SANDBOXING = NO;
				GCC_C_LANGUAGE_STANDARD = gnu17;
				GCC_DYNAMIC_NO_PIC = NO;
				GCC_NO_COMMON_BLOCKS = YES;
				GCC_OPTIMIZATION_LEVEL = 0;
				GCC_PREPROCESSOR_DEFINITIONS = (
					"DEBUG=1",
					"$(inherited)",
				);
				GCC_WARN_64_TO_32_BIT_CONVERSION = YES;
				GCC_WARN_ABOUT_RETURN_TYPE = YES_ERROR;
				GCC_WARN_UNDECLARED_SELECTOR = YES;
				GCC_WARN_UNINITIALIZED_AUTOS = YES_AGGRESSIVE;
				GCC_WARN_UNUSED_FUNCTION = YES;
				GCC_WARN_UNUSED_VARIABLE = YES;
				IPHONEOS_DEPLOYMENT_TARGET = 17.5;
				LOCALIZATION_PREFERS_STRING_CATALOGS = YES;
				MTL_ENABLE_DEBUG_INFO = INCLUDE_SOURCE;
				MTL_FAST_MATH = YES;
				ONLY_ACTIVE_ARCH = YES;
				SDKROOT = iphoneos;
				SWIFT_ACTIVE_COMPILATION_CONDITIONS = "DEBUG $(inherited)";
				SWIFT_OPTIMIZATION_LEVEL = "-Onone";
			};
			name = Debug;
		};
		D2A1B2FE2C1A27780027090F /* Release */ = {
			isa = XCBuildConfiguration;
			buildSettings = {
				ALWAYS_SEARCH_USER_PATHS = NO;
				ASSETCATALOG_COMPILER_GENERATE_SWIFT_ASSET_SYMBOL_EXTENSIONS = YES;
				CLANG_ANALYZER_NONNULL = YES;
				CLANG_ANALYZER_NUMBER_OBJECT_CONVERSION = YES_AGGRESSIVE;
				CLANG_CXX_LANGUAGE_STANDARD = "gnu++20";
				CLANG_ENABLE_MODULES = YES;
				CLANG_ENABLE_OBJC_ARC = YES;
				CLANG_ENABLE_OBJC_WEAK = YES;
				CLANG_WARN_BLOCK_CAPTURE_AUTORELEASING = YES;
				CLANG_WARN_BOOL_CONVERSION = YES;
				CLANG_WARN_COMMA = YES;
				CLANG_WARN_CONSTANT_CONVERSION = YES;
				CLANG_WARN_DEPRECATED_OBJC_IMPLEMENTATIONS = YES;
				CLANG_WARN_DIRECT_OBJC_ISA_USAGE = YES_ERROR;
				CLANG_WARN_DOCUMENTATION_COMMENTS = YES;
				CLANG_WARN_EMPTY_BODY = YES;
				CLANG_WARN_ENUM_CONVERSION = YES;
				CLANG_WARN_INFINITE_RECURSION = YES;
				CLANG_WARN_INT_CONVERSION = YES;
				CLANG_WARN_NON_LITERAL_NULL_CONVERSION = YES;
				CLANG_WARN_OBJC_IMPLICIT_RETAIN_SELF = YES;
				CLANG_WARN_OBJC_LITERAL_CONVERSION = YES;
				CLANG_WARN_OBJC_ROOT_CLASS = YES_ERROR;
				CLANG_WARN_QUOTED_INCLUDE_IN_FRAMEWORK_HEADER = YES;
				CLANG_WARN_RANGE_LOOP_ANALYSIS = YES;
				CLANG_WARN_STRICT_PROTOTYPES = YES;
				CLANG_WARN_SUSPICIOUS_MOVE = YES;
				CLANG_WARN_UNGUARDED_AVAILABILITY = YES_AGGRESSIVE;
				CLANG_WARN_UNREACHABLE_CODE = YES;
				CLANG_WARN__DUPLICATE_METHOD_MATCH = YES;
				COPY_PHASE_STRIP = NO;
				DEBUG_INFORMATION_FORMAT = "dwarf-with-dsym";
				ENABLE_NS_ASSERTIONS = NO;
				ENABLE_STRICT_OBJC_MSGSEND = YES;
				ENABLE_USER_SCRIPT_SANDBOXING = NO;
				GCC_C_LANGUAGE_STANDARD = gnu17;
				GCC_NO_COMMON_BLOCKS = YES;
				GCC_WARN_64_TO_32_BIT_CONVERSION = YES;
				GCC_WARN_ABOUT_RETURN_TYPE = YES_ERROR;
				GCC_WARN_UNDECLARED_SELECTOR = YES;
				GCC_WARN_UNINITIALIZED_AUTOS = YES_AGGRESSIVE;
				GCC_WARN_UNUSED_FUNCTION = YES;
				GCC_WARN_UNUSED_VARIABLE = YES;
				IPHONEOS_DEPLOYMENT_TARGET = 17.5;
				LOCALIZATION_PREFERS_STRING_CATALOGS = YES;
				MTL_ENABLE_DEBUG_INFO = NO;
				MTL_FAST_MATH = YES;
				SDKROOT = iphoneos;
				SWIFT_COMPILATION_MODE = wholemodule;
				VALIDATE_PRODUCT = YES;
			};
			name = Release;
		};
		D2A1B3002C1A27780027090F /* Debug */ = {
			isa = XCBuildConfiguration;
			buildSettings = {
				ASSETCATALOG_COMPILER_APPICON_NAME = AppIcon;
				ASSETCATALOG_COMPILER_GLOBAL_ACCENT_COLOR_NAME = AccentColor;
				CODE_SIGN_STYLE = Automatic;
				CURRENT_PROJECT_VERSION = 2.0;
				GENERATE_INFOPLIST_FILE = YES;
				INFOPLIST_FILE = iTuneArtists/Info.plist;
				INFOPLIST_KEY_CFBundleDisplayName = iTunesArtistsMVVC;
				INFOPLIST_KEY_UIApplicationSupportsIndirectInputEvents = YES;
				INFOPLIST_KEY_UILaunchStoryboardName = LaunchScreen;
				INFOPLIST_KEY_UIMainStoryboardFile = Main;
				INFOPLIST_KEY_UISupportedInterfaceOrientations_iPad = "UIInterfaceOrientationPortrait UIInterfaceOrientationPortraitUpsideDown UIInterfaceOrientationLandscapeLeft UIInterfaceOrientationLandscapeRight";
				INFOPLIST_KEY_UISupportedInterfaceOrientations_iPhone = "UIInterfaceOrientationPortrait UIInterfaceOrientationLandscapeLeft UIInterfaceOrientationLandscapeRight";
				LD_RUNPATH_SEARCH_PATHS = (
					"$(inherited)",
					"@executable_path/Frameworks",
				);
				MARKETING_VERSION = 2.0;
				PRODUCT_BUNDLE_IDENTIFIER = com.varshith.development.mvvc.iTuneArtists;
				PRODUCT_NAME = "$(TARGET_NAME)";
				SWIFT_EMIT_LOC_STRINGS = YES;
				SWIFT_VERSION = 5.0;
				TARGETED_DEVICE_FAMILY = "1,2";
			};
			name = Debug;
		};
		D2A1B3012C1A27780027090F /* Release */ = {
			isa = XCBuildConfiguration;
			buildSettings = {
				ASSETCATALOG_COMPILER_APPICON_NAME = AppIcon;
				ASSETCATALOG_COMPILER_GLOBAL_ACCENT_COLOR_NAME = AccentColor;
				CODE_SIGN_STYLE = Automatic;
				CURRENT_PROJECT_VERSION = 2.0;
				GENERATE_INFOPLIST_FILE = YES;
				INFOPLIST_FILE = iTuneArtists/Info.plist;
				INFOPLIST_KEY_CFBundleDisplayName = iTunesArtistsMVVC;
				INFOPLIST_KEY_UIApplicationSupportsIndirectInputEvents = YES;
				INFOPLIST_KEY_UILaunchStoryboardName = LaunchScreen;
				INFOPLIST_KEY_UIMainStoryboardFile = Main;
				INFOPLIST_KEY_UISupportedInterfaceOrientations_iPad = "UIInterfaceOrientationPortrait UIInterfaceOrientationPortraitUpsideDown UIInterfaceOrientationLandscapeLeft UIInterfaceOrientationLandscapeRight";
				INFOPLIST_KEY_UISupportedInterfaceOrientations_iPhone = "UIInterfaceOrientationPortrait UIInterfaceOrientationLandscapeLeft UIInterfaceOrientationLandscapeRight";
				LD_RUNPATH_SEARCH_PATHS = (
					"$(inherited)",
					"@executable_path/Frameworks",
				);
				MARKETING_VERSION = 2.0;
				PRODUCT_BUNDLE_IDENTIFIER = com.varshith.development.mvvc.iTuneArtists;
				PRODUCT_NAME = "$(TARGET_NAME)";
				SWIFT_EMIT_LOC_STRINGS = YES;
				SWIFT_VERSION = 5.0;
				TARGETED_DEVICE_FAMILY = "1,2";
			};
			name = Release;
		};
/* End XCBuildConfiguration section */

/* Begin XCConfigurationList section */
		D2060A922C20CADB00B9E3A7 /* Build configuration list for PBXNativeTarget "iTuneArtistsTests" */ = {
			isa = XCConfigurationList;
			buildConfigurations = (
				D2060A932C20CADB00B9E3A7 /* Debug */,
				D2060A942C20CADB00B9E3A7 /* Release */,
			);
			defaultConfigurationIsVisible = 0;
			defaultConfigurationName = Release;
		};
		D2A1B2E62C1A27760027090F /* Build configuration list for PBXProject "iTuneArtists" */ = {
			isa = XCConfigurationList;
			buildConfigurations = (
				D2A1B2FD2C1A27780027090F /* Debug */,
				D2A1B2FE2C1A27780027090F /* Release */,
			);
			defaultConfigurationIsVisible = 0;
			defaultConfigurationName = Release;
		};
		D2A1B2FF2C1A27780027090F /* Build configuration list for PBXNativeTarget "iTuneArtists" */ = {
			isa = XCConfigurationList;
			buildConfigurations = (
				D2A1B3002C1A27780027090F /* Debug */,
				D2A1B3012C1A27780027090F /* Release */,
			);
			defaultConfigurationIsVisible = 0;
			defaultConfigurationName = Release;
		};
/* End XCConfigurationList section */
	};
	rootObject = D2A1B2E32C1A27760027090F /* Project object */;
}
